
Microsoft Visual Studio Solution File, Format Version 12.00
# Visual Studio Version 17
VisualStudioVersion = 17.11.35327.3
MinimumVisualStudioVersion = 10.0.40219.1
Project("{FAE04EC0-301F-11D3-BF4B-00C04F79EFBC}") = "HomeWork7.1", "HomeWork7.1\HomeWork7.1.csproj", "{A17167F9-8B53-46A2-9FEF-F072FB7E1653}"
EndProject
Project("{FAE04EC0-301F-11D3-BF4B-00C04F79EFBC}") = "HomeWork7.2", "HomeWork7.2\HomeWork7.2.csproj", "{B379F907-1151-4A21-AE4E-B22F0B45E247}"
EndProject
Project("{FAE04EC0-301F-11D3-BF4B-00C04F79EFBC}") = "HomeWork7.4", "HomeWork7.4\HomeWork7.4.csproj", "{B5884889-E4BF-4EAF-A0B7-A18DF1CC81CD}"
EndProject
Project("{FAE04EC0-301F-11D3-BF4B-00C04F79EFBC}") = "HomeWork7.6.2", "HomeWork7.6.2\HomeWork7.6.2.csproj", "{3D588FB8-6F44-46A2-9E31-BC12B754CDEC}"
EndProject
Project("{FAE04EC0-301F-11D3-BF4B-00C04F79EFBC}") = "HomeWork7.3", "HomeWork7.3\HomeWork7.3.csproj", "{FA81E23A-3598-4B47-B406-0C70A14D162F}"
EndProject
Project("{FAE04EC0-301F-11D3-BF4B-00C04F79EFBC}") = "HomeWork7.5", "HomeWork7.5\HomeWork7.5.csproj", "{550A7D24-07E3-4112-8701-4058C18B715A}"
EndProject
Project("{FAE04EC0-301F-11D3-BF4B-00C04F79EFBC}") = "HomeWork7.6.1", "HomeWork7.6.1\HomeWork7.6.1.csproj", "{F6FBCB80-4FE4-4823-A7C3-96033752ADC4}"
EndProject
Global
	GlobalSection(SolutionConfigurationPlatforms) = preSolution
		Debug|Any CPU = Debug|Any CPU
		Release|Any CPU = Release|Any CPU
	EndGlobalSection
	GlobalSection(ProjectConfigurationPlatforms) = postSolution
		{A17167F9-8B53-46A2-9FEF-F072FB7E1653}.Debug|Any CPU.ActiveCfg = Debug|Any CPU
		{A17167F9-8B53-46A2-9FEF-F072FB7E1653}.Debug|Any CPU.Build.0 = Debug|Any CPU
		{A17167F9-8B53-46A2-9FEF-F072FB7E1653}.Release|Any CPU.ActiveCfg = Release|Any CPU
		{A17167F9-8B53-46A2-9FEF-F072FB7E1653}.Release|Any CPU.Build.0 = Release|Any CPU
		{B379F907-1151-4A21-AE4E-B22F0B45E247}.Debug|Any CPU.ActiveCfg = Debug|Any CPU
		{B379F907-1151-4A21-AE4E-B22F0B45E247}.Debug|Any CPU.Build.0 = Debug|Any CPU
		{B379F907-1151-4A21-AE4E-B22F0B45E247}.Release|Any CPU.ActiveCfg = Release|Any CPU
		{B379F907-1151-4A21-AE4E-B22F0B45E247}.Release|Any CPU.Build.0 = Release|Any CPU
		{B5884889-E4BF-4EAF-A0B7-A18DF1CC81CD}.Debug|Any CPU.ActiveCfg = Debug|Any CPU
		{B5884889-E4BF-4EAF-A0B7-A18DF1CC81CD}.Debug|Any CPU.Build.0 = Debug|Any CPU
		{B5884889-E4BF-4EAF-A0B7-A18DF1CC81CD}.Release|Any CPU.ActiveCfg = Release|Any CPU
		{B5884889-E4BF-4EAF-A0B7-A18DF1CC81CD}.Release|Any CPU.Build.0 = Release|Any CPU
		{3D588FB8-6F44-46A2-9E31-BC12B754CDEC}.Debug|Any CPU.ActiveCfg = Debug|Any CPU
		{3D588FB8-6F44-46A2-9E31-BC12B754CDEC}.Debug|Any CPU.Build.0 = Debug|Any CPU
		{3D588FB8-6F44-46A2-9E31-BC12B754CDEC}.Release|Any CPU.ActiveCfg = Release|Any CPU
		{3D588FB8-6F44-46A2-9E31-BC12B754CDEC}.Release|Any CPU.Build.0 = Release|Any CPU
		{FA81E23A-3598-4B47-B406-0C70A14D162F}.Debug|Any CPU.ActiveCfg = Debug|Any CPU
		{FA81E23A-3598-4B47-B406-0C70A14D162F}.Debug|Any CPU.Build.0 = Debug|Any CPU
		{FA81E23A-3598-4B47-B406-0C70A14D162F}.Release|Any CPU.ActiveCfg = Release|Any CPU
		{FA81E23A-3598-4B47-B406-0C70A14D162F}.Release|Any CPU.Build.0 = Release|Any CPU
		{550A7D24-07E3-4112-8701-4058C18B715A}.Debug|Any CPU.ActiveCfg = Debug|Any CPU
		{550A7D24-07E3-4112-8701-4058C18B715A}.Debug|Any CPU.Build.0 = Debug|Any CPU
		{550A7D24-07E3-4112-8701-4058C18B715A}.Release|Any CPU.ActiveCfg = Release|Any CPU
		{550A7D24-07E3-4112-8701-4058C18B715A}.Release|Any CPU.Build.0 = Release|Any CPU
		{F6FBCB80-4FE4-4823-A7C3-96033752ADC4}.Debug|Any CPU.ActiveCfg = Debug|Any CPU
		{F6FBCB80-4FE4-4823-A7C3-96033752ADC4}.Debug|Any CPU.Build.0 = Debug|Any CPU
		{F6FBCB80-4FE4-4823-A7C3-96033752ADC4}.Release|Any CPU.ActiveCfg = Release|Any CPU
		{F6FBCB80-4FE4-4823-A7C3-96033752ADC4}.Release|Any CPU.Build.0 = Release|Any CPU
	EndGlobalSection
	GlobalSection(SolutionProperties) = preSolution
		HideSolutionNode = FALSE
	EndGlobalSection
	GlobalSection(ExtensibilityGlobals) = postSolution
		SolutionGuid = {5F532B70-42DA-4B85-96C7-A8149303048B}
	EndGlobalSection
EndGlobal
