
Microsoft Visual Studio Solution File, Format Version 12.00
# Visual Studio Version 17
VisualStudioVersion = 17.11.35431.28
MinimumVisualStudioVersion = 10.0.40219.1
Project("{FAE04EC0-301F-11D3-BF4B-00C04F79EFBC}") = "HomeWork7_1", "HomeWork7_1\HomeWork7_1.csproj", "{12588491-4020-406F-9D69-64BC57A55AC4}"
EndProject
Project("{9A19103F-16F7-4668-BE54-9A1E7A4F7556}") = "HomeWork7_2", "HomeWork7_2\HomeWork7_2.csproj", "{7EC9EC39-9BF7-4172-833F-D9D42C15E5A0}"
EndProject
Project("{9A19103F-16F7-4668-BE54-9A1E7A4F7556}") = "HomeWork7_3", "HomeWork7_3\HomeWork7_3.csproj", "{90B285FA-789B-47D9-8F0A-416056C72CC4}"
EndProject
Project("{9A19103F-16F7-4668-BE54-9A1E7A4F7556}") = "HomeWork7_4", "HomeWork7_4\HomeWork7_4.csproj", "{004987A1-1406-4E58-919E-F7C37FF6594C}"
EndProject
Project("{9A19103F-16F7-4668-BE54-9A1E7A4F7556}") = "HomeWork7_5", "HomeWork7_5\HomeWork7_5.csproj", "{ADF760B1-BEE8-4987-8C96-562E767AA34C}"
EndProject
Project("{9A19103F-16F7-4668-BE54-9A1E7A4F7556}") = "HomeWork7_6_1", "HomeWork7_6_1\HomeWork7_6_1.csproj", "{8C74B6A8-0216-439A-A9B0-915C6E3F9A4B}"
EndProject
Project("{9A19103F-16F7-4668-BE54-9A1E7A4F7556}") = "HomeWork7_6_2", "HomeWork7_6_2\HomeWork7_6_2.csproj", "{970FF1DC-640A-479A-A204-61D5B839C64A}"
EndProject
Global
	GlobalSection(SolutionConfigurationPlatforms) = preSolution
		Debug|Any CPU = Debug|Any CPU
		Release|Any CPU = Release|Any CPU
	EndGlobalSection
	GlobalSection(ProjectConfigurationPlatforms) = postSolution
		{12588491-4020-406F-9D69-64BC57A55AC4}.Debug|Any CPU.ActiveCfg = Debug|Any CPU
		{12588491-4020-406F-9D69-64BC57A55AC4}.Debug|Any CPU.Build.0 = Debug|Any CPU
		{12588491-4020-406F-9D69-64BC57A55AC4}.Release|Any CPU.ActiveCfg = Release|Any CPU
		{12588491-4020-406F-9D69-64BC57A55AC4}.Release|Any CPU.Build.0 = Release|Any CPU
		{7EC9EC39-9BF7-4172-833F-D9D42C15E5A0}.Debug|Any CPU.ActiveCfg = Debug|Any CPU
		{7EC9EC39-9BF7-4172-833F-D9D42C15E5A0}.Debug|Any CPU.Build.0 = Debug|Any CPU
		{7EC9EC39-9BF7-4172-833F-D9D42C15E5A0}.Release|Any CPU.ActiveCfg = Release|Any CPU
		{7EC9EC39-9BF7-4172-833F-D9D42C15E5A0}.Release|Any CPU.Build.0 = Release|Any CPU
		{90B285FA-789B-47D9-8F0A-416056C72CC4}.Debug|Any CPU.ActiveCfg = Debug|Any CPU
		{90B285FA-789B-47D9-8F0A-416056C72CC4}.Debug|Any CPU.Build.0 = Debug|Any CPU
		{90B285FA-789B-47D9-8F0A-416056C72CC4}.Release|Any CPU.ActiveCfg = Release|Any CPU
		{90B285FA-789B-47D9-8F0A-416056C72CC4}.Release|Any CPU.Build.0 = Release|Any CPU
		{004987A1-1406-4E58-919E-F7C37FF6594C}.Debug|Any CPU.ActiveCfg = Debug|Any CPU
		{004987A1-1406-4E58-919E-F7C37FF6594C}.Debug|Any CPU.Build.0 = Debug|Any CPU
		{004987A1-1406-4E58-919E-F7C37FF6594C}.Release|Any CPU.ActiveCfg = Release|Any CPU
		{004987A1-1406-4E58-919E-F7C37FF6594C}.Release|Any CPU.Build.0 = Release|Any CPU
		{ADF760B1-BEE8-4987-8C96-562E767AA34C}.Debug|Any CPU.ActiveCfg = Debug|Any CPU
		{ADF760B1-BEE8-4987-8C96-562E767AA34C}.Debug|Any CPU.Build.0 = Debug|Any CPU
		{ADF760B1-BEE8-4987-8C96-562E767AA34C}.Release|Any CPU.ActiveCfg = Release|Any CPU
		{ADF760B1-BEE8-4987-8C96-562E767AA34C}.Release|Any CPU.Build.0 = Release|Any CPU
		{8C74B6A8-0216-439A-A9B0-915C6E3F9A4B}.Debug|Any CPU.ActiveCfg = Debug|Any CPU
		{8C74B6A8-0216-439A-A9B0-915C6E3F9A4B}.Debug|Any CPU.Build.0 = Debug|Any CPU
		{8C74B6A8-0216-439A-A9B0-915C6E3F9A4B}.Release|Any CPU.ActiveCfg = Release|Any CPU
		{8C74B6A8-0216-439A-A9B0-915C6E3F9A4B}.Release|Any CPU.Build.0 = Release|Any CPU
		{970FF1DC-640A-479A-A204-61D5B839C64A}.Debug|Any CPU.ActiveCfg = Debug|Any CPU
		{970FF1DC-640A-479A-A204-61D5B839C64A}.Debug|Any CPU.Build.0 = Debug|Any CPU
		{970FF1DC-640A-479A-A204-61D5B839C64A}.Release|Any CPU.ActiveCfg = Release|Any CPU
		{970FF1DC-640A-479A-A204-61D5B839C64A}.Release|Any CPU.Build.0 = Release|Any CPU
	EndGlobalSection
	GlobalSection(SolutionProperties) = preSolution
		HideSolutionNode = FALSE
	EndGlobalSection
	GlobalSection(ExtensibilityGlobals) = postSolution
		SolutionGuid = {4247E464-A3D1-435C-A6E0-F2B6C7A2E7A5}
	EndGlobalSection
EndGlobal
